// !$*UTF8*$!
{
	archiveVersion = 1;
	classes = {
	};
	objectVersion = 56;
	objects = {

/* Begin PBXBuildFile section */
		7298250011F36B1CA32A2BDC /* Pods_carpark.framework in Frameworks */ = {isa = PBXBuildFile; fileRef = B7479601CC9F54EA0F7991C4 /* Pods_carpark.framework */; };
		CE603A532A9253340000A625 /* CarParkViewModel.swift in Sources */ = {isa = PBXBuildFile; fileRef = CE603A522A9253340000A625 /* CarParkViewModel.swift */; };
		CE603A572A9258040000A625 /* CarParkView.swift in Sources */ = {isa = PBXBuildFile; fileRef = CE603A562A9258040000A625 /* CarParkView.swift */; };
		CE603A592A925ED70000A625 /* CarPark.swift in Sources */ = {isa = PBXBuildFile; fileRef = CE603A582A925ED70000A625 /* CarPark.swift */; };
		CEC265AB2A911D3600FA89FE /* carparkApp.swift in Sources */ = {isa = PBXBuildFile; fileRef = CEC265AA2A911D3600FA89FE /* carparkApp.swift */; };
		CEC265AF2A911D3700FA89FE /* Assets.xcassets in Resources */ = {isa = PBXBuildFile; fileRef = CEC265AE2A911D3700FA89FE /* Assets.xcassets */; };
		CEC265B32A911D3700FA89FE /* Preview Assets.xcassets in Resources */ = {isa = PBXBuildFile; fileRef = CEC265B22A911D3700FA89FE /* Preview Assets.xcassets */; };
/* End PBXBuildFile section */

/* Begin PBXFileReference section */
		A28BDAEDB3C144205427C1A3 /* Pods-carpark.debug.xcconfig */ = {isa = PBXFileReference; includeInIndex = 1; lastKnownFileType = text.xcconfig; name = "Pods-carpark.debug.xcconfig"; path = "Target Support Files/Pods-carpark/Pods-carpark.debug.xcconfig"; sourceTree = "<group>"; };
		A63BD7C1DD346092BC2180F7 /* Pods-carpark.release.xcconfig */ = {isa = PBXFileReference; includeInIndex = 1; lastKnownFileType = text.xcconfig; name = "Pods-carpark.release.xcconfig"; path = "Target Support Files/Pods-carpark/Pods-carpark.release.xcconfig"; sourceTree = "<group>"; };
		B7479601CC9F54EA0F7991C4 /* Pods_carpark.framework */ = {isa = PBXFileReference; explicitFileType = wrapper.framework; includeInIndex = 0; path = Pods_carpark.framework; sourceTree = BUILT_PRODUCTS_DIR; };
		CE603A522A9253340000A625 /* CarParkViewModel.swift */ = {isa = PBXFileReference; lastKnownFileType = sourcecode.swift; path = CarParkViewModel.swift; sourceTree = "<group>"; };
		CE603A562A9258040000A625 /* CarParkView.swift */ = {isa = PBXFileReference; lastKnownFileType = sourcecode.swift; path = CarParkView.swift; sourceTree = "<group>"; };
		CE603A582A925ED70000A625 /* CarPark.swift */ = {isa = PBXFileReference; lastKnownFileType = sourcecode.swift; path = CarPark.swift; sourceTree = "<group>"; };
		CEC265A72A911D3600FA89FE /* carpark.app */ = {isa = PBXFileReference; explicitFileType = wrapper.application; includeInIndex = 0; path = carpark.app; sourceTree = BUILT_PRODUCTS_DIR; };
		CEC265AA2A911D3600FA89FE /* carparkApp.swift */ = {isa = PBXFileReference; lastKnownFileType = sourcecode.swift; path = carparkApp.swift; sourceTree = "<group>"; };
		CEC265AE2A911D3700FA89FE /* Assets.xcassets */ = {isa = PBXFileReference; lastKnownFileType = folder.assetcatalog; path = Assets.xcassets; sourceTree = "<group>"; };
		CEC265B02A911D3700FA89FE /* carpark.entitlements */ = {isa = PBXFileReference; lastKnownFileType = text.plist.entitlements; path = carpark.entitlements; sourceTree = "<group>"; };
		CEC265B22A911D3700FA89FE /* Preview Assets.xcassets */ = {isa = PBXFileReference; lastKnownFileType = folder.assetcatalog; path = "Preview Assets.xcassets"; sourceTree = "<group>"; };
/* End PBXFileReference section */

/* Begin PBXFrameworksBuildPhase section */
		CEC265A42A911D3600FA89FE /* Frameworks */ = {
			isa = PBXFrameworksBuildPhase;
			buildActionMask = 2147483647;
			files = (
				7298250011F36B1CA32A2BDC /* Pods_carpark.framework in Frameworks */,
			);
			runOnlyForDeploymentPostprocessing = 0;
		};
/* End PBXFrameworksBuildPhase section */

/* Begin PBXGroup section */
		17A9ED12A3665CDB1B061371 /* Frameworks */ = {
			isa = PBXGroup;
			children = (
				B7479601CC9F54EA0F7991C4 /* Pods_carpark.framework */,
			);
			name = Frameworks;
			sourceTree = "<group>";
		};
		9F1767CE2DE082A44F778DE8 /* Pods */ = {
			isa = PBXGroup;
			children = (
				A28BDAEDB3C144205427C1A3 /* Pods-carpark.debug.xcconfig */,
				A63BD7C1DD346092BC2180F7 /* Pods-carpark.release.xcconfig */,
			);
			path = Pods;
			sourceTree = "<group>";
		};
		CE603A4F2A91F77F0000A625 /* ViewModel */ = {
			isa = PBXGroup;
			children = (
				CE603A522A9253340000A625 /* CarParkViewModel.swift */,
			);
			path = ViewModel;
			sourceTree = "<group>";
		};
		CE603A502A91F78A0000A625 /* Model */ = {
			isa = PBXGroup;
			children = (
				CE603A582A925ED70000A625 /* CarPark.swift */,
			);
			path = Model;
			sourceTree = "<group>";
		};
		CE603A542A9257C30000A625 /* App */ = {
			isa = PBXGroup;
			children = (
				CEC265AA2A911D3600FA89FE /* carparkApp.swift */,
			);
			path = App;
			sourceTree = "<group>";
		};
		CE603A552A9257E20000A625 /* View */ = {
			isa = PBXGroup;
			children = (
				CE603A562A9258040000A625 /* CarParkView.swift */,
			);
			path = View;
			sourceTree = "<group>";
		};
		CEC2659E2A911D3600FA89FE = {
			isa = PBXGroup;
			children = (
				CEC265A92A911D3600FA89FE /* carpark */,
				CEC265A82A911D3600FA89FE /* Products */,
				9F1767CE2DE082A44F778DE8 /* Pods */,
				17A9ED12A3665CDB1B061371 /* Frameworks */,
			);
			sourceTree = "<group>";
		};
		CEC265A82A911D3600FA89FE /* Products */ = {
			isa = PBXGroup;
			children = (
				CEC265A72A911D3600FA89FE /* carpark.app */,
			);
			name = Products;
			sourceTree = "<group>";
		};
		CEC265A92A911D3600FA89FE /* carpark */ = {
			isa = PBXGroup;
			children = (
				CE603A542A9257C30000A625 /* App */,
				CE603A4F2A91F77F0000A625 /* ViewModel */,
				CE603A552A9257E20000A625 /* View */,
				CE603A502A91F78A0000A625 /* Model */,
				CEC265AE2A911D3700FA89FE /* Assets.xcassets */,
				CEC265B02A911D3700FA89FE /* carpark.entitlements */,
				CEC265B12A911D3700FA89FE /* Preview Content */,
			);
			path = carpark;
			sourceTree = "<group>";
		};
		CEC265B12A911D3700FA89FE /* Preview Content */ = {
			isa = PBXGroup;
			children = (
				CEC265B22A911D3700FA89FE /* Preview Assets.xcassets */,
			);
			path = "Preview Content";
			sourceTree = "<group>";
		};
/* End PBXGroup section */

/* Begin PBXNativeTarget section */
		CEC265A62A911D3600FA89FE /* carpark */ = {
			isa = PBXNativeTarget;
			buildConfigurationList = CEC265B62A911D3700FA89FE /* Build configuration list for PBXNativeTarget "carpark" */;
			buildPhases = (
				E6439A564C9F81DD39964261 /* [CP] Check Pods Manifest.lock */,
				CEC265A32A911D3600FA89FE /* Sources */,
				CEC265A42A911D3600FA89FE /* Frameworks */,
				CEC265A52A911D3600FA89FE /* Resources */,
				932E9B8F888FB6FD4478AC7D /* [CP] Embed Pods Frameworks */,
			);
			buildRules = (
			);
			dependencies = (
			);
			name = carpark;
			productName = carpark;
			productReference = CEC265A72A911D3600FA89FE /* carpark.app */;
			productType = "com.apple.product-type.application";
		};
/* End PBXNativeTarget section */

/* Begin PBXProject section */
		CEC2659F2A911D3600FA89FE /* Project object */ = {
			isa = PBXProject;
			attributes = {
				BuildIndependentTargetsInParallel = 1;
				LastSwiftUpdateCheck = 1430;
				LastUpgradeCheck = 1430;
				TargetAttributes = {
					CEC265A62A911D3600FA89FE = {
						CreatedOnToolsVersion = 14.3.1;
					};
				};
			};
			buildConfigurationList = CEC265A22A911D3600FA89FE /* Build configuration list for PBXProject "carpark" */;
			compatibilityVersion = "Xcode 14.0";
			developmentRegion = en;
			hasScannedForEncodings = 0;
			knownRegions = (
				en,
				Base,
			);
			mainGroup = CEC2659E2A911D3600FA89FE;
			productRefGroup = CEC265A82A911D3600FA89FE /* Products */;
			projectDirPath = "";
			projectRoot = "";
			targets = (
				CEC265A62A911D3600FA89FE /* carpark */,
			);
		};
/* End PBXProject section */

/* Begin PBXResourcesBuildPhase section */
		CEC265A52A911D3600FA89FE /* Resources */ = {
			isa = PBXResourcesBuildPhase;
			buildActionMask = 2147483647;
			files = (
				CEC265B32A911D3700FA89FE /* Preview Assets.xcassets in Resources */,
				CEC265AF2A911D3700FA89FE /* Assets.xcassets in Resources */,
			);
			runOnlyForDeploymentPostprocessing = 0;
		};
/* End PBXResourcesBuildPhase section */

/* Begin PBXShellScriptBuildPhase section */
		932E9B8F888FB6FD4478AC7D /* [CP] Embed Pods Frameworks */ = {
			isa = PBXShellScriptBuildPhase;
			buildActionMask = 2147483647;
			files = (
			);
			inputFileListPaths = (
				"${PODS_ROOT}/Target Support Files/Pods-carpark/Pods-carpark-frameworks-${CONFIGURATION}-input-files.xcfilelist",
			);
			name = "[CP] Embed Pods Frameworks";
			outputFileListPaths = (
				"${PODS_ROOT}/Target Support Files/Pods-carpark/Pods-carpark-frameworks-${CONFIGURATION}-output-files.xcfilelist",
			);
			runOnlyForDeploymentPostprocessing = 0;
			shellPath = /bin/sh;
			shellScript = "\"${PODS_ROOT}/Target Support Files/Pods-carpark/Pods-carpark-frameworks.sh\"\n";
			showEnvVarsInLog = 0;
		};
		E6439A564C9F81DD39964261 /* [CP] Check Pods Manifest.lock */ = {
			isa = PBXShellScriptBuildPhase;
			buildActionMask = 2147483647;
			files = (
			);
			inputFileListPaths = (
			);
			inputPaths = (
				"${PODS_PODFILE_DIR_PATH}/Podfile.lock",
				"${PODS_ROOT}/Manifest.lock",
			);
			name = "[CP] Check Pods Manifest.lock";
			outputFileListPaths = (
			);
			outputPaths = (
				"$(DERIVED_FILE_DIR)/Pods-carpark-checkManifestLockResult.txt",
			);
			runOnlyForDeploymentPostprocessing = 0;
			shellPath = /bin/sh;
			shellScript = "diff \"${PODS_PODFILE_DIR_PATH}/Podfile.lock\" \"${PODS_ROOT}/Manifest.lock\" > /dev/null\nif [ $? != 0 ] ; then\n    # print error to STDERR\n    echo \"error: The sandbox is not in sync with the Podfile.lock. Run 'pod install' or update your CocoaPods installation.\" >&2\n    exit 1\nfi\n# This output is used by Xcode 'outputs' to avoid re-running this script phase.\necho \"SUCCESS\" > \"${SCRIPT_OUTPUT_FILE_0}\"\n";
			showEnvVarsInLog = 0;
		};
/* End PBXShellScriptBuildPhase section */

/* Begin PBXSourcesBuildPhase section */
		CEC265A32A911D3600FA89FE /* Sources */ = {
			isa = PBXSourcesBuildPhase;
			buildActionMask = 2147483647;
			files = (
				CE603A592A925ED70000A625 /* CarPark.swift in Sources */,
				CE603A532A9253340000A625 /* CarParkViewModel.swift in Sources */,
				CEC265AB2A911D3600FA89FE /* carparkApp.swift in Sources */,
				CE603A572A9258040000A625 /* CarParkView.swift in Sources */,
			);
			runOnlyForDeploymentPostprocessing = 0;
		};
/* End PBXSourcesBuildPhase section */

/* Begin XCBuildConfiguration section */
		CEC265B42A911D3700FA89FE /* Debug */ = {
			isa = XCBuildConfiguration;
			buildSettings = {
				ALWAYS_SEARCH_USER_PATHS = NO;
				CLANG_ANALYZER_NONNULL = YES;
				CLANG_ANALYZER_NUMBER_OBJECT_CONVERSION = YES_AGGRESSIVE;
				CLANG_CXX_LANGUAGE_STANDARD = "gnu++20";
				CLANG_ENABLE_MODULES = YES;
				CLANG_ENABLE_OBJC_ARC = YES;
				CLANG_ENABLE_OBJC_WEAK = YES;
				CLANG_WARN_BLOCK_CAPTURE_AUTORELEASING = YES;
				CLANG_WARN_BOOL_CONVERSION = YES;
				CLANG_WARN_COMMA = YES;
				CLANG_WARN_CONSTANT_CONVERSION = YES;
				CLANG_WARN_DEPRECATED_OBJC_IMPLEMENTATIONS = YES;
				CLANG_WARN_DIRECT_OBJC_ISA_USAGE = YES_ERROR;
				CLANG_WARN_DOCUMENTATION_COMMENTS = YES;
				CLANG_WARN_EMPTY_BODY = YES;
				CLANG_WARN_ENUM_CONVERSION = YES;
				CLANG_WARN_INFINITE_RECURSION = YES;
				CLANG_WARN_INT_CONVERSION = YES;
				CLANG_WARN_NON_LITERAL_NULL_CONVERSION = YES;
				CLANG_WARN_OBJC_IMPLICIT_RETAIN_SELF = YES;
				CLANG_WARN_OBJC_LITERAL_CONVERSION = YES;
				CLANG_WARN_OBJC_ROOT_CLASS = YES_ERROR;
				CLANG_WARN_QUOTED_INCLUDE_IN_FRAMEWORK_HEADER = YES;
				CLANG_WARN_RANGE_LOOP_ANALYSIS = YES;
				CLANG_WARN_STRICT_PROTOTYPES = YES;
				CLANG_WARN_SUSPICIOUS_MOVE = YES;
				CLANG_WARN_UNGUARDED_AVAILABILITY = YES_AGGRESSIVE;
				CLANG_WARN_UNREACHABLE_CODE = YES;
				CLANG_WARN__DUPLICATE_METHOD_MATCH = YES;
				COPY_PHASE_STRIP = NO;
				DEBUG_INFORMATION_FORMAT = dwarf;
				ENABLE_STRICT_OBJC_MSGSEND = YES;
				ENABLE_TESTABILITY = YES;
				GCC_C_LANGUAGE_STANDARD = gnu11;
				GCC_DYNAMIC_NO_PIC = NO;
				GCC_NO_COMMON_BLOCKS = YES;
				GCC_OPTIMIZATION_LEVEL = 0;
				GCC_PREPROCESSOR_DEFINITIONS = (
					"DEBUG=1",
					"$(inherited)",
				);
				GCC_WARN_64_TO_32_BIT_CONVERSION = YES;
				GCC_WARN_ABOUT_RETURN_TYPE = YES_ERROR;
				GCC_WARN_UNDECLARED_SELECTOR = YES;
				GCC_WARN_UNINITIALIZED_AUTOS = YES_AGGRESSIVE;
				GCC_WARN_UNUSED_FUNCTION = YES;
				GCC_WARN_UNUSED_VARIABLE = YES;
				MTL_ENABLE_DEBUG_INFO = INCLUDE_SOURCE;
				MTL_FAST_MATH = YES;
				ONLY_ACTIVE_ARCH = YES;
				SWIFT_ACTIVE_COMPILATION_CONDITIONS = DEBUG;
				SWIFT_OPTIMIZATION_LEVEL = "-Onone";
			};
			name = Debug;
		};
		CEC265B52A911D3700FA89FE /* Release */ = {
			isa = XCBuildConfiguration;
			buildSettings = {
				ALWAYS_SEARCH_USER_PATHS = NO;
				CLANG_ANALYZER_NONNULL = YES;
				CLANG_ANALYZER_NUMBER_OBJECT_CONVERSION = YES_AGGRESSIVE;
				CLANG_CXX_LANGUAGE_STANDARD = "gnu++20";
				CLANG_ENABLE_MODULES = YES;
				CLANG_ENABLE_OBJC_ARC = YES;
				CLANG_ENABLE_OBJC_WEAK = YES;
				CLANG_WARN_BLOCK_CAPTURE_AUTORELEASING = YES;
				CLANG_WARN_BOOL_CONVERSION = YES;
				CLANG_WARN_COMMA = YES;
				CLANG_WARN_CONSTANT_CONVERSION = YES;
				CLANG_WARN_DEPRECATED_OBJC_IMPLEMENTATIONS = YES;
				CLANG_WARN_DIRECT_OBJC_ISA_USAGE = YES_ERROR;
				CLANG_WARN_DOCUMENTATION_COMMENTS = YES;
				CLANG_WARN_EMPTY_BODY = YES;
				CLANG_WARN_ENUM_CONVERSION = YES;
				CLANG_WARN_INFINITE_RECURSION = YES;
				CLANG_WARN_INT_CONVERSION = YES;
				CLANG_WARN_NON_LITERAL_NULL_CONVERSION = YES;
				CLANG_WARN_OBJC_IMPLICIT_RETAIN_SELF = YES;
				CLANG_WARN_OBJC_LITERAL_CONVERSION = YES;
				CLANG_WARN_OBJC_ROOT_CLASS = YES_ERROR;
				CLANG_WARN_QUOTED_INCLUDE_IN_FRAMEWORK_HEADER = YES;
				CLANG_WARN_RANGE_LOOP_ANALYSIS = YES;
				CLANG_WARN_STRICT_PROTOTYPES = YES;
				CLANG_WARN_SUSPICIOUS_MOVE = YES;
				CLANG_WARN_UNGUARDED_AVAILABILITY = YES_AGGRESSIVE;
				CLANG_WARN_UNREACHABLE_CODE = YES;
				CLANG_WARN__DUPLICATE_METHOD_MATCH = YES;
				COPY_PHASE_STRIP = NO;
				DEBUG_INFORMATION_FORMAT = "dwarf-with-dsym";
				ENABLE_NS_ASSERTIONS = NO;
				ENABLE_STRICT_OBJC_MSGSEND = YES;
				GCC_C_LANGUAGE_STANDARD = gnu11;
				GCC_NO_COMMON_BLOCKS = YES;
				GCC_WARN_64_TO_32_BIT_CONVERSION = YES;
				GCC_WARN_ABOUT_RETURN_TYPE = YES_ERROR;
				GCC_WARN_UNDECLARED_SELECTOR = YES;
				GCC_WARN_UNINITIALIZED_AUTOS = YES_AGGRESSIVE;
				GCC_WARN_UNUSED_FUNCTION = YES;
				GCC_WARN_UNUSED_VARIABLE = YES;
				MTL_ENABLE_DEBUG_INFO = NO;
				MTL_FAST_MATH = YES;
				SWIFT_COMPILATION_MODE = wholemodule;
				SWIFT_OPTIMIZATION_LEVEL = "-O";
			};
			name = Release;
		};
		CEC265B72A911D3700FA89FE /* Debug */ = {
			isa = XCBuildConfiguration;
			baseConfigurationReference = A28BDAEDB3C144205427C1A3 /* Pods-carpark.debug.xcconfig */;
			buildSettings = {
				ASSETCATALOG_COMPILER_APPICON_NAME = AppIcon;
				ASSETCATALOG_COMPILER_GLOBAL_ACCENT_COLOR_NAME = AccentColor;
				CODE_SIGN_ENTITLEMENTS = carpark/carpark.entitlements;
				CODE_SIGN_STYLE = Automatic;
				CURRENT_PROJECT_VERSION = 1;
				DEVELOPMENT_ASSET_PATHS = "\"carpark/Preview Content\"";
				ENABLE_PREVIEWS = YES;
				GENERATE_INFOPLIST_FILE = YES;
				"INFOPLIST_KEY_UIApplicationSceneManifest_Generation[sdk=iphoneos*]" = YES;
				"INFOPLIST_KEY_UIApplicationSceneManifest_Generation[sdk=iphonesimulator*]" = YES;
				"INFOPLIST_KEY_UIApplicationSupportsIndirectInputEvents[sdk=iphoneos*]" = YES;
				"INFOPLIST_KEY_UIApplicationSupportsIndirectInputEvents[sdk=iphonesimulator*]" = YES;
				"INFOPLIST_KEY_UILaunchScreen_Generation[sdk=iphoneos*]" = YES;
				"INFOPLIST_KEY_UILaunchScreen_Generation[sdk=iphonesimulator*]" = YES;
				"INFOPLIST_KEY_UIStatusBarStyle[sdk=iphoneos*]" = UIStatusBarStyleDefault;
				"INFOPLIST_KEY_UIStatusBarStyle[sdk=iphonesimulator*]" = UIStatusBarStyleDefault;
				INFOPLIST_KEY_UISupportedInterfaceOrientations_iPad = "UIInterfaceOrientationPortrait UIInterfaceOrientationPortraitUpsideDown UIInterfaceOrientationLandscapeLeft UIInterfaceOrientationLandscapeRight";
				INFOPLIST_KEY_UISupportedInterfaceOrientations_iPhone = "UIInterfaceOrientationPortrait UIInterfaceOrientationLandscapeLeft UIInterfaceOrientationLandscapeRight";
				IPHONEOS_DEPLOYMENT_TARGET = 16.4;
				LD_RUNPATH_SEARCH_PATHS = "@executable_path/Frameworks";
				"LD_RUNPATH_SEARCH_PATHS[sdk=macosx*]" = "@executable_path/../Frameworks";
				MACOSX_DEPLOYMENT_TARGET = 13.3;
				MARKETING_VERSION = 1.0;
				PRODUCT_BUNDLE_IDENTIFIER = com.waihonglee.carpark;
				PRODUCT_NAME = "$(TARGET_NAME)";
				SDKROOT = auto;
				SUPPORTED_PLATFORMS = "iphoneos iphonesimulator macosx";
				SWIFT_EMIT_LOC_STRINGS = YES;
				SWIFT_VERSION = 5.0;
				TARGETED_DEVICE_FAMILY = "1,2";
			};
			name = Debug;
		};
		CEC265B82A911D3700FA89FE /* Release */ = {
			isa = XCBuildConfiguration;
			baseConfigurationReference = A63BD7C1DD346092BC2180F7 /* Pods-carpark.release.xcconfig */;
			buildSettings = {
				ASSETCATALOG_COMPILER_APPICON_NAME = AppIcon;
				ASSETCATALOG_COMPILER_GLOBAL_ACCENT_COLOR_NAME = AccentColor;
				CODE_SIGN_ENTITLEMENTS = carpark/carpark.entitlements;
				CODE_SIGN_STYLE = Automatic;
				CURRENT_PROJECT_VERSION = 1;
				DEVELOPMENT_ASSET_PATHS = "\"carpark/Preview Content\"";
				ENABLE_PREVIEWS = YES;
				GENERATE_INFOPLIST_FILE = YES;
				"INFOPLIST_KEY_UIApplicationSceneManifest_Generation[sdk=iphoneos*]" = YES;
				"INFOPLIST_KEY_UIApplicationSceneManifest_Generation[sdk=iphonesimulator*]" = YES;
				"INFOPLIST_KEY_UIApplicationSupportsIndirectInputEvents[sdk=iphoneos*]" = YES;
				"INFOPLIST_KEY_UIApplicationSupportsIndirectInputEvents[sdk=iphonesimulator*]" = YES;
				"INFOPLIST_KEY_UILaunchScreen_Generation[sdk=iphoneos*]" = YES;
				"INFOPLIST_KEY_UILaunchScreen_Generation[sdk=iphonesimulator*]" = YES;
				"INFOPLIST_KEY_UIStatusBarStyle[sdk=iphoneos*]" = UIStatusBarStyleDefault;
				"INFOPLIST_KEY_UIStatusBarStyle[sdk=iphonesimulator*]" = UIStatusBarStyleDefault;
				INFOPLIST_KEY_UISupportedInterfaceOrientations_iPad = "UIInterfaceOrientationPortrait UIInterfaceOrientationPortraitUpsideDown UIInterfaceOrientationLandscapeLeft UIInterfaceOrientationLandscapeRight";
				INFOPLIST_KEY_UISupportedInterfaceOrientations_iPhone = "UIInterfaceOrientationPortrait UIInterfaceOrientationLandscapeLeft UIInterfaceOrientationLandscapeRight";
				IPHONEOS_DEPLOYMENT_TARGET = 16.4;
				LD_RUNPATH_SEARCH_PATHS = "@executable_path/Frameworks";
				"LD_RUNPATH_SEARCH_PATHS[sdk=macosx*]" = "@executable_path/../Frameworks";
				MACOSX_DEPLOYMENT_TARGET = 13.3;
				MARKETING_VERSION = 1.0;
				PRODUCT_BUNDLE_IDENTIFIER = com.waihonglee.carpark;
				PRODUCT_NAME = "$(TARGET_NAME)";
				SDKROOT = auto;
				SUPPORTED_PLATFORMS = "iphoneos iphonesimulator macosx";
				SWIFT_EMIT_LOC_STRINGS = YES;
				SWIFT_VERSION = 5.0;
				TARGETED_DEVICE_FAMILY = "1,2";
			};
			name = Release;
		};
/* End XCBuildConfiguration section */

/* Begin XCConfigurationList section */
		CEC265A22A911D3600FA89FE /* Build configuration list for PBXProject "carpark" */ = {
			isa = XCConfigurationList;
			buildConfigurations = (
				CEC265B42A911D3700FA89FE /* Debug */,
				CEC265B52A911D3700FA89FE /* Release */,
			);
			defaultConfigurationIsVisible = 0;
			defaultConfigurationName = Release;
		};
		CEC265B62A911D3700FA89FE /* Build configuration list for PBXNativeTarget "carpark" */ = {
			isa = XCConfigurationList;
			buildConfigurations = (
				CEC265B72A911D3700FA89FE /* Debug */,
				CEC265B82A911D3700FA89FE /* Release */,
			);
			defaultConfigurationIsVisible = 0;
			defaultConfigurationName = Release;
		};
/* End XCConfigurationList section */
	};
	rootObject = CEC2659F2A911D3600FA89FE /* Project object */;
}
